
Microsoft Visual Studio Solution File, Format Version 12.00
# Visual Studio 14
VisualStudioVersion = 14.0.24720.0
MinimumVisualStudioVersion = 10.0.40219.1
Project("{FAE04EC0-301F-11D3-BF4B-00C04F79EFBC}") = "Abstract_Factory", "..\Abstract_Factory\Abstract_Factory.csproj", "{A9FE79E1-9E51-4D08-912D-54BCE0F087B4}"
EndProject
Project("{FAE04EC0-301F-11D3-BF4B-00C04F79EFBC}") = "Abstract.RealWorld", "Abstract.RealWorld\Abstract.RealWorld.csproj", "{1E0C30D5-25F2-4566-82ED-16CCF9BD58F8}"
EndProject
Project("{FAE04EC0-301F-11D3-BF4B-00C04F79EFBC}") = "Builder", "Builder\Builder.csproj", "{3DCD5086-C4CF-4DBA-B90A-8BC50BDF2201}"
EndProject
Project("{FAE04EC0-301F-11D3-BF4B-00C04F79EFBC}") = "Builder.RealWorld", "Builder.RealWorld\Builder.RealWorld.csproj", "{E22A71C7-B9C2-4FD5-8A5F-3236ECD11494}"
EndProject
Project("{FAE04EC0-301F-11D3-BF4B-00C04F79EFBC}") = "Factory Method", "Factory Method\Factory Method.csproj", "{94B12F5C-72FD-488B-B7AE-A129E9039215}"
EndProject
Project("{FAE04EC0-301F-11D3-BF4B-00C04F79EFBC}") = "Factory.RealWorld", "Factory.RealWorld\Factory.RealWorld.csproj", "{6B3A5BBA-4EBC-4551-9362-CB49BA065C46}"
EndProject
Project("{FAE04EC0-301F-11D3-BF4B-00C04F79EFBC}") = "Prototype", "Prototype\Prototype.csproj", "{697E1BD8-89B8-49EE-9E0A-BC72076D5B9A}"
EndProject
Project("{FAE04EC0-301F-11D3-BF4B-00C04F79EFBC}") = "Prototype.RealWorld", "Prototype.RealWorld\Prototype.RealWorld.csproj", "{2FA77B6A-F88F-4CE4-8422-3B1085BF3FD5}"
EndProject
Project("{FAE04EC0-301F-11D3-BF4B-00C04F79EFBC}") = "Singleton", "Singleton\Singleton.csproj", "{DBB726B0-4FB8-4068-83B4-3359E70987E5}"
EndProject
Project("{FAE04EC0-301F-11D3-BF4B-00C04F79EFBC}") = "Singleton.RealWorld", "Singleton.RealWorld\Singleton.RealWorld.csproj", "{D64C90B7-1303-4158-A025-43576EE631A8}"
EndProject
Project("{FAE04EC0-301F-11D3-BF4B-00C04F79EFBC}") = "Adapter", "Adapter\Adapter.csproj", "{566B9C2D-EE95-4820-A656-7B281FA425D8}"
EndProject
Project("{FAE04EC0-301F-11D3-BF4B-00C04F79EFBC}") = "Adapter.RealWorld", "Adapter.RealWorld\Adapter.RealWorld.csproj", "{04FE3261-5EE5-4CA0-B783-D22DF7C3BF70}"
EndProject
Project("{FAE04EC0-301F-11D3-BF4B-00C04F79EFBC}") = "Bridge", "Bridge\Bridge.csproj", "{BC2DD643-33E8-401E-BB86-D7502917275B}"
EndProject
Project("{FAE04EC0-301F-11D3-BF4B-00C04F79EFBC}") = "Bridge.RealWorld", "Bridge.RealWorld\Bridge.RealWorld.csproj", "{C3333AF7-9EF4-4BDB-9C8C-B02626A0D3A7}"
EndProject
Project("{FAE04EC0-301F-11D3-BF4B-00C04F79EFBC}") = "Composite", "Composite\Composite.csproj", "{0CA1D4BE-4861-4696-9EC3-E8DC10AADFF8}"
EndProject
Project("{FAE04EC0-301F-11D3-BF4B-00C04F79EFBC}") = "Composite.RealWorld", "Composite.RealWorld\Composite.RealWorld.csproj", "{031EA913-FDBF-4008-B3FE-2F904F496AE4}"
EndProject
Project("{FAE04EC0-301F-11D3-BF4B-00C04F79EFBC}") = "Decorator", "Decorator\Decorator.csproj", "{669FD430-A10B-47E9-A5C6-D58003BE042D}"
EndProject
Project("{FAE04EC0-301F-11D3-BF4B-00C04F79EFBC}") = "Decorator.RealWorld", "Decorator.RealWorld\Decorator.RealWorld.csproj", "{4C65DB99-C981-415D-89BA-EA8AF86F5AB3}"
EndProject
Project("{FAE04EC0-301F-11D3-BF4B-00C04F79EFBC}") = "Facade", "Facade\Facade.csproj", "{7F1831BC-2AA7-46EB-A90A-1E3266C1E368}"
EndProject
Project("{FAE04EC0-301F-11D3-BF4B-00C04F79EFBC}") = "Facade.RealWorld", "Facade.RealWorld\Facade.RealWorld.csproj", "{E088B5DA-F869-40A5-82FC-91415149D10B}"
EndProject
Project("{FAE04EC0-301F-11D3-BF4B-00C04F79EFBC}") = "Flyweight", "Flyweight\Flyweight.csproj", "{496EB999-5E1F-4F93-977D-3E94932788CE}"
EndProject
Project("{FAE04EC0-301F-11D3-BF4B-00C04F79EFBC}") = "Flyweight.RealWorld", "Flyweight.RealWorld\Flyweight.RealWorld.csproj", "{2F569C79-272F-41FD-97C6-2D9D26062C8A}"
EndProject
Project("{FAE04EC0-301F-11D3-BF4B-00C04F79EFBC}") = "Proxy", "Proxy\Proxy.csproj", "{08E9544F-1CF3-4103-B8D0-803F4C7A21AD}"
EndProject
Project("{FAE04EC0-301F-11D3-BF4B-00C04F79EFBC}") = "Proxy.RealWorld", "Proxy.RealWorld\Proxy.RealWorld.csproj", "{01661127-35D2-44C2-BD16-06EA928BCF33}"
EndProject
Global
	GlobalSection(SolutionConfigurationPlatforms) = preSolution
		Debug|Any CPU = Debug|Any CPU
		Release|Any CPU = Release|Any CPU
	EndGlobalSection
	GlobalSection(ProjectConfigurationPlatforms) = postSolution
		{A9FE79E1-9E51-4D08-912D-54BCE0F087B4}.Debug|Any CPU.ActiveCfg = Debug|Any CPU
		{A9FE79E1-9E51-4D08-912D-54BCE0F087B4}.Debug|Any CPU.Build.0 = Debug|Any CPU
		{A9FE79E1-9E51-4D08-912D-54BCE0F087B4}.Release|Any CPU.ActiveCfg = Release|Any CPU
		{A9FE79E1-9E51-4D08-912D-54BCE0F087B4}.Release|Any CPU.Build.0 = Release|Any CPU
		{1E0C30D5-25F2-4566-82ED-16CCF9BD58F8}.Debug|Any CPU.ActiveCfg = Debug|Any CPU
		{1E0C30D5-25F2-4566-82ED-16CCF9BD58F8}.Debug|Any CPU.Build.0 = Debug|Any CPU
		{1E0C30D5-25F2-4566-82ED-16CCF9BD58F8}.Release|Any CPU.ActiveCfg = Release|Any CPU
		{1E0C30D5-25F2-4566-82ED-16CCF9BD58F8}.Release|Any CPU.Build.0 = Release|Any CPU
		{3DCD5086-C4CF-4DBA-B90A-8BC50BDF2201}.Debug|Any CPU.ActiveCfg = Debug|Any CPU
		{3DCD5086-C4CF-4DBA-B90A-8BC50BDF2201}.Debug|Any CPU.Build.0 = Debug|Any CPU
		{3DCD5086-C4CF-4DBA-B90A-8BC50BDF2201}.Release|Any CPU.ActiveCfg = Release|Any CPU
		{3DCD5086-C4CF-4DBA-B90A-8BC50BDF2201}.Release|Any CPU.Build.0 = Release|Any CPU
		{E22A71C7-B9C2-4FD5-8A5F-3236ECD11494}.Debug|Any CPU.ActiveCfg = Debug|Any CPU
		{E22A71C7-B9C2-4FD5-8A5F-3236ECD11494}.Debug|Any CPU.Build.0 = Debug|Any CPU
		{E22A71C7-B9C2-4FD5-8A5F-3236ECD11494}.Release|Any CPU.ActiveCfg = Release|Any CPU
		{E22A71C7-B9C2-4FD5-8A5F-3236ECD11494}.Release|Any CPU.Build.0 = Release|Any CPU
		{94B12F5C-72FD-488B-B7AE-A129E9039215}.Debug|Any CPU.ActiveCfg = Debug|Any CPU
		{94B12F5C-72FD-488B-B7AE-A129E9039215}.Debug|Any CPU.Build.0 = Debug|Any CPU
		{94B12F5C-72FD-488B-B7AE-A129E9039215}.Release|Any CPU.ActiveCfg = Release|Any CPU
		{94B12F5C-72FD-488B-B7AE-A129E9039215}.Release|Any CPU.Build.0 = Release|Any CPU
		{6B3A5BBA-4EBC-4551-9362-CB49BA065C46}.Debug|Any CPU.ActiveCfg = Debug|Any CPU
		{6B3A5BBA-4EBC-4551-9362-CB49BA065C46}.Debug|Any CPU.Build.0 = Debug|Any CPU
		{6B3A5BBA-4EBC-4551-9362-CB49BA065C46}.Release|Any CPU.ActiveCfg = Release|Any CPU
		{6B3A5BBA-4EBC-4551-9362-CB49BA065C46}.Release|Any CPU.Build.0 = Release|Any CPU
		{697E1BD8-89B8-49EE-9E0A-BC72076D5B9A}.Debug|Any CPU.ActiveCfg = Debug|Any CPU
		{697E1BD8-89B8-49EE-9E0A-BC72076D5B9A}.Debug|Any CPU.Build.0 = Debug|Any CPU
		{697E1BD8-89B8-49EE-9E0A-BC72076D5B9A}.Release|Any CPU.ActiveCfg = Release|Any CPU
		{697E1BD8-89B8-49EE-9E0A-BC72076D5B9A}.Release|Any CPU.Build.0 = Release|Any CPU
		{2FA77B6A-F88F-4CE4-8422-3B1085BF3FD5}.Debug|Any CPU.ActiveCfg = Debug|Any CPU
		{2FA77B6A-F88F-4CE4-8422-3B1085BF3FD5}.Debug|Any CPU.Build.0 = Debug|Any CPU
		{2FA77B6A-F88F-4CE4-8422-3B1085BF3FD5}.Release|Any CPU.ActiveCfg = Release|Any CPU
		{2FA77B6A-F88F-4CE4-8422-3B1085BF3FD5}.Release|Any CPU.Build.0 = Release|Any CPU
		{DBB726B0-4FB8-4068-83B4-3359E70987E5}.Debug|Any CPU.ActiveCfg = Debug|Any CPU
		{DBB726B0-4FB8-4068-83B4-3359E70987E5}.Debug|Any CPU.Build.0 = Debug|Any CPU
		{DBB726B0-4FB8-4068-83B4-3359E70987E5}.Release|Any CPU.ActiveCfg = Release|Any CPU
		{DBB726B0-4FB8-4068-83B4-3359E70987E5}.Release|Any CPU.Build.0 = Release|Any CPU
		{D64C90B7-1303-4158-A025-43576EE631A8}.Debug|Any CPU.ActiveCfg = Debug|Any CPU
		{D64C90B7-1303-4158-A025-43576EE631A8}.Debug|Any CPU.Build.0 = Debug|Any CPU
		{D64C90B7-1303-4158-A025-43576EE631A8}.Release|Any CPU.ActiveCfg = Release|Any CPU
		{D64C90B7-1303-4158-A025-43576EE631A8}.Release|Any CPU.Build.0 = Release|Any CPU
		{566B9C2D-EE95-4820-A656-7B281FA425D8}.Debug|Any CPU.ActiveCfg = Debug|Any CPU
		{566B9C2D-EE95-4820-A656-7B281FA425D8}.Debug|Any CPU.Build.0 = Debug|Any CPU
		{566B9C2D-EE95-4820-A656-7B281FA425D8}.Release|Any CPU.ActiveCfg = Release|Any CPU
		{566B9C2D-EE95-4820-A656-7B281FA425D8}.Release|Any CPU.Build.0 = Release|Any CPU
		{04FE3261-5EE5-4CA0-B783-D22DF7C3BF70}.Debug|Any CPU.ActiveCfg = Debug|Any CPU
		{04FE3261-5EE5-4CA0-B783-D22DF7C3BF70}.Debug|Any CPU.Build.0 = Debug|Any CPU
		{04FE3261-5EE5-4CA0-B783-D22DF7C3BF70}.Release|Any CPU.ActiveCfg = Release|Any CPU
		{04FE3261-5EE5-4CA0-B783-D22DF7C3BF70}.Release|Any CPU.Build.0 = Release|Any CPU
		{BC2DD643-33E8-401E-BB86-D7502917275B}.Debug|Any CPU.ActiveCfg = Debug|Any CPU
		{BC2DD643-33E8-401E-BB86-D7502917275B}.Debug|Any CPU.Build.0 = Debug|Any CPU
		{BC2DD643-33E8-401E-BB86-D7502917275B}.Release|Any CPU.ActiveCfg = Release|Any CPU
		{BC2DD643-33E8-401E-BB86-D7502917275B}.Release|Any CPU.Build.0 = Release|Any CPU
		{C3333AF7-9EF4-4BDB-9C8C-B02626A0D3A7}.Debug|Any CPU.ActiveCfg = Debug|Any CPU
		{C3333AF7-9EF4-4BDB-9C8C-B02626A0D3A7}.Debug|Any CPU.Build.0 = Debug|Any CPU
		{C3333AF7-9EF4-4BDB-9C8C-B02626A0D3A7}.Release|Any CPU.ActiveCfg = Release|Any CPU
		{C3333AF7-9EF4-4BDB-9C8C-B02626A0D3A7}.Release|Any CPU.Build.0 = Release|Any CPU
		{0CA1D4BE-4861-4696-9EC3-E8DC10AADFF8}.Debug|Any CPU.ActiveCfg = Debug|Any CPU
		{0CA1D4BE-4861-4696-9EC3-E8DC10AADFF8}.Debug|Any CPU.Build.0 = Debug|Any CPU
		{0CA1D4BE-4861-4696-9EC3-E8DC10AADFF8}.Release|Any CPU.ActiveCfg = Release|Any CPU
		{0CA1D4BE-4861-4696-9EC3-E8DC10AADFF8}.Release|Any CPU.Build.0 = Release|Any CPU
		{031EA913-FDBF-4008-B3FE-2F904F496AE4}.Debug|Any CPU.ActiveCfg = Debug|Any CPU
		{031EA913-FDBF-4008-B3FE-2F904F496AE4}.Debug|Any CPU.Build.0 = Debug|Any CPU
		{031EA913-FDBF-4008-B3FE-2F904F496AE4}.Release|Any CPU.ActiveCfg = Release|Any CPU
		{031EA913-FDBF-4008-B3FE-2F904F496AE4}.Release|Any CPU.Build.0 = Release|Any CPU
		{669FD430-A10B-47E9-A5C6-D58003BE042D}.Debug|Any CPU.ActiveCfg = Debug|Any CPU
		{669FD430-A10B-47E9-A5C6-D58003BE042D}.Debug|Any CPU.Build.0 = Debug|Any CPU
		{669FD430-A10B-47E9-A5C6-D58003BE042D}.Release|Any CPU.ActiveCfg = Release|Any CPU
		{669FD430-A10B-47E9-A5C6-D58003BE042D}.Release|Any CPU.Build.0 = Release|Any CPU
		{4C65DB99-C981-415D-89BA-EA8AF86F5AB3}.Debug|Any CPU.ActiveCfg = Debug|Any CPU
		{4C65DB99-C981-415D-89BA-EA8AF86F5AB3}.Debug|Any CPU.Build.0 = Debug|Any CPU
		{4C65DB99-C981-415D-89BA-EA8AF86F5AB3}.Release|Any CPU.ActiveCfg = Release|Any CPU
		{4C65DB99-C981-415D-89BA-EA8AF86F5AB3}.Release|Any CPU.Build.0 = Release|Any CPU
		{7F1831BC-2AA7-46EB-A90A-1E3266C1E368}.Debug|Any CPU.ActiveCfg = Debug|Any CPU
		{7F1831BC-2AA7-46EB-A90A-1E3266C1E368}.Debug|Any CPU.Build.0 = Debug|Any CPU
		{7F1831BC-2AA7-46EB-A90A-1E3266C1E368}.Release|Any CPU.ActiveCfg = Release|Any CPU
		{7F1831BC-2AA7-46EB-A90A-1E3266C1E368}.Release|Any CPU.Build.0 = Release|Any CPU
		{E088B5DA-F869-40A5-82FC-91415149D10B}.Debug|Any CPU.ActiveCfg = Debug|Any CPU
		{E088B5DA-F869-40A5-82FC-91415149D10B}.Debug|Any CPU.Build.0 = Debug|Any CPU
		{E088B5DA-F869-40A5-82FC-91415149D10B}.Release|Any CPU.ActiveCfg = Release|Any CPU
		{E088B5DA-F869-40A5-82FC-91415149D10B}.Release|Any CPU.Build.0 = Release|Any CPU
		{496EB999-5E1F-4F93-977D-3E94932788CE}.Debug|Any CPU.ActiveCfg = Debug|Any CPU
		{496EB999-5E1F-4F93-977D-3E94932788CE}.Debug|Any CPU.Build.0 = Debug|Any CPU
		{496EB999-5E1F-4F93-977D-3E94932788CE}.Release|Any CPU.ActiveCfg = Release|Any CPU
		{496EB999-5E1F-4F93-977D-3E94932788CE}.Release|Any CPU.Build.0 = Release|Any CPU
		{2F569C79-272F-41FD-97C6-2D9D26062C8A}.Debug|Any CPU.ActiveCfg = Debug|Any CPU
		{2F569C79-272F-41FD-97C6-2D9D26062C8A}.Debug|Any CPU.Build.0 = Debug|Any CPU
		{2F569C79-272F-41FD-97C6-2D9D26062C8A}.Release|Any CPU.ActiveCfg = Release|Any CPU
		{2F569C79-272F-41FD-97C6-2D9D26062C8A}.Release|Any CPU.Build.0 = Release|Any CPU
		{08E9544F-1CF3-4103-B8D0-803F4C7A21AD}.Debug|Any CPU.ActiveCfg = Debug|Any CPU
		{08E9544F-1CF3-4103-B8D0-803F4C7A21AD}.Debug|Any CPU.Build.0 = Debug|Any CPU
		{08E9544F-1CF3-4103-B8D0-803F4C7A21AD}.Release|Any CPU.ActiveCfg = Release|Any CPU
		{08E9544F-1CF3-4103-B8D0-803F4C7A21AD}.Release|Any CPU.Build.0 = Release|Any CPU
		{01661127-35D2-44C2-BD16-06EA928BCF33}.Debug|Any CPU.ActiveCfg = Debug|Any CPU
		{01661127-35D2-44C2-BD16-06EA928BCF33}.Debug|Any CPU.Build.0 = Debug|Any CPU
		{01661127-35D2-44C2-BD16-06EA928BCF33}.Release|Any CPU.ActiveCfg = Release|Any CPU
		{01661127-35D2-44C2-BD16-06EA928BCF33}.Release|Any CPU.Build.0 = Release|Any CPU
	EndGlobalSection
	GlobalSection(SolutionProperties) = preSolution
		HideSolutionNode = FALSE
	EndGlobalSection
EndGlobal
