
Microsoft Visual Studio Solution File, Format Version 12.00
# Visual Studio 14
VisualStudioVersion = 14.0.24720.0
MinimumVisualStudioVersion = 10.0.40219.1
Project("{FAE04EC0-301F-11D3-BF4B-00C04F79EFBC}") = "Abstract_Factory", "..\Abstract_Factory\Abstract_Factory.csproj", "{A9FE79E1-9E51-4D08-912D-54BCE0F087B4}"
EndProject
Project("{FAE04EC0-301F-11D3-BF4B-00C04F79EFBC}") = "Abstract.RealWorld", "Abstract.RealWorld\Abstract.RealWorld.csproj", "{1E0C30D5-25F2-4566-82ED-16CCF9BD58F8}"
EndProject
Project("{FAE04EC0-301F-11D3-BF4B-00C04F79EFBC}") = "Builder", "Builder\Builder.csproj", "{3DCD5086-C4CF-4DBA-B90A-8BC50BDF2201}"
EndProject
Project("{FAE04EC0-301F-11D3-BF4B-00C04F79EFBC}") = "Builder.RealWorld", "Builder.RealWorld\Builder.RealWorld.csproj", "{E22A71C7-B9C2-4FD5-8A5F-3236ECD11494}"
EndProject
Project("{FAE04EC0-301F-11D3-BF4B-00C04F79EFBC}") = "Factory Method", "Factory Method\Factory Method.csproj", "{94B12F5C-72FD-488B-B7AE-A129E9039215}"
EndProject
Project("{FAE04EC0-301F-11D3-BF4B-00C04F79EFBC}") = "Factory.RealWorld", "Factory.RealWorld\Factory.RealWorld.csproj", "{6B3A5BBA-4EBC-4551-9362-CB49BA065C46}"
EndProject
Project("{FAE04EC0-301F-11D3-BF4B-00C04F79EFBC}") = "Prototype", "Prototype\Prototype.csproj", "{697E1BD8-89B8-49EE-9E0A-BC72076D5B9A}"
EndProject
Project("{FAE04EC0-301F-11D3-BF4B-00C04F79EFBC}") = "Prototype.RealWorld", "Prototype.RealWorld\Prototype.RealWorld.csproj", "{2FA77B6A-F88F-4CE4-8422-3B1085BF3FD5}"
EndProject
Project("{FAE04EC0-301F-11D3-BF4B-00C04F79EFBC}") = "Singleton", "Singleton\Singleton.csproj", "{DBB726B0-4FB8-4068-83B4-3359E70987E5}"
EndProject
Project("{FAE04EC0-301F-11D3-BF4B-00C04F79EFBC}") = "Singleton.RealWorld", "Singleton.RealWorld\Singleton.RealWorld.csproj", "{D64C90B7-1303-4158-A025-43576EE631A8}"
EndProject
Project("{FAE04EC0-301F-11D3-BF4B-00C04F79EFBC}") = "Adapter", "Adapter\Adapter.csproj", "{566B9C2D-EE95-4820-A656-7B281FA425D8}"
EndProject
Project("{FAE04EC0-301F-11D3-BF4B-00C04F79EFBC}") = "Adapter.RealWorld", "Adapter.RealWorld\Adapter.RealWorld.csproj", "{04FE3261-5EE5-4CA0-B783-D22DF7C3BF70}"
EndProject
Project("{FAE04EC0-301F-11D3-BF4B-00C04F79EFBC}") = "Bridge", "Bridge\Bridge.csproj", "{BC2DD643-33E8-401E-BB86-D7502917275B}"
EndProject
Project("{FAE04EC0-301F-11D3-BF4B-00C04F79EFBC}") = "Bridge.RealWorld", "Bridge.RealWorld\Bridge.RealWorld.csproj", "{C3333AF7-9EF4-4BDB-9C8C-B02626A0D3A7}"
EndProject
Project("{FAE04EC0-301F-11D3-BF4B-00C04F79EFBC}") = "Composite", "Composite\Composite.csproj", "{0CA1D4BE-4861-4696-9EC3-E8DC10AADFF8}"
EndProject
Project("{FAE04EC0-301F-11D3-BF4B-00C04F79EFBC}") = "Composite.RealWorld", "Composite.RealWorld\Composite.RealWorld.csproj", "{031EA913-FDBF-4008-B3FE-2F904F496AE4}"
EndProject
Project("{FAE04EC0-301F-11D3-BF4B-00C04F79EFBC}") = "Decorator", "Decorator\Decorator.csproj", "{669FD430-A10B-47E9-A5C6-D58003BE042D}"
EndProject
Project("{FAE04EC0-301F-11D3-BF4B-00C04F79EFBC}") = "Decorator.RealWorld", "Decorator.RealWorld\Decorator.RealWorld.csproj", "{4C65DB99-C981-415D-89BA-EA8AF86F5AB3}"
EndProject
Project("{FAE04EC0-301F-11D3-BF4B-00C04F79EFBC}") = "Facade", "Facade\Facade.csproj", "{7F1831BC-2AA7-46EB-A90A-1E3266C1E368}"
EndProject
Project("{FAE04EC0-301F-11D3-BF4B-00C04F79EFBC}") = "Facade.RealWorld", "Facade.RealWorld\Facade.RealWorld.csproj", "{E088B5DA-F869-40A5-82FC-91415149D10B}"
EndProject
Project("{FAE04EC0-301F-11D3-BF4B-00C04F79EFBC}") = "Flyweight", "Flyweight\Flyweight.csproj", "{496EB999-5E1F-4F93-977D-3E94932788CE}"
EndProject
Project("{FAE04EC0-301F-11D3-BF4B-00C04F79EFBC}") = "Flyweight.RealWorld", "Flyweight.RealWorld\Flyweight.RealWorld.csproj", "{2F569C79-272F-41FD-97C6-2D9D26062C8A}"
EndProject
Project("{FAE04EC0-301F-11D3-BF4B-00C04F79EFBC}") = "Proxy", "Proxy\Proxy.csproj", "{08E9544F-1CF3-4103-B8D0-803F4C7A21AD}"
EndProject
Project("{FAE04EC0-301F-11D3-BF4B-00C04F79EFBC}") = "Proxy.RealWorld", "Proxy.RealWorld\Proxy.RealWorld.csproj", "{01661127-35D2-44C2-BD16-06EA928BCF33}"
EndProject
Project("{FAE04EC0-301F-11D3-BF4B-00C04F79EFBC}") = "Chain of Responsibility", "Chain of Responsibility\Chain of Responsibility.csproj", "{3F83724D-C301-4D46-93F0-9C2CF57818AC}"
EndProject
Project("{FAE04EC0-301F-11D3-BF4B-00C04F79EFBC}") = "Chain.RealWorld", "Chain.RealWorld\Chain.RealWorld.csproj", "{1EFAB53F-0E07-4F5B-B99E-3852A23277F0}"
EndProject
Project("{FAE04EC0-301F-11D3-BF4B-00C04F79EFBC}") = "Command", "Command\Command.csproj", "{2B6949F0-9538-462E-9E98-04C0C96A0A3C}"
EndProject
Project("{FAE04EC0-301F-11D3-BF4B-00C04F79EFBC}") = "Command.RealWorld", "Command.RealWorld\Command.RealWorld.csproj", "{3404EB3E-2601-4783-8DB6-214F8943F87E}"
EndProject
Project("{FAE04EC0-301F-11D3-BF4B-00C04F79EFBC}") = "Interpreter", "Interpreter\Interpreter.csproj", "{124C1AE2-85DE-4354-A61D-85C472F8318E}"
EndProject
Project("{FAE04EC0-301F-11D3-BF4B-00C04F79EFBC}") = "Interpreter.RealWorld", "Interpreter.RealWorld\Interpreter.RealWorld.csproj", "{BC3B2469-5DFD-4480-98F4-CBA51B83930F}"
EndProject
Project("{FAE04EC0-301F-11D3-BF4B-00C04F79EFBC}") = "Iterator", "Iterator\Iterator.csproj", "{7FD48E68-C00D-4909-A02E-688A7973E74E}"
EndProject
Project("{FAE04EC0-301F-11D3-BF4B-00C04F79EFBC}") = "Iterator.RealWorld", "Iterator.RealWorld\Iterator.RealWorld.csproj", "{2950215A-2236-4C48-815E-F62803BCD5EE}"
EndProject
Project("{FAE04EC0-301F-11D3-BF4B-00C04F79EFBC}") = "Mediator", "Mediator\Mediator.csproj", "{D6C7BB83-9658-4520-B9C4-E93D3C56B6DC}"
EndProject
Project("{FAE04EC0-301F-11D3-BF4B-00C04F79EFBC}") = "Mediator.RealWorld", "Mediator.RealWorld\Mediator.RealWorld.csproj", "{54DB95F5-FCD1-49A9-A13B-0772A4DA9A14}"
EndProject
Project("{FAE04EC0-301F-11D3-BF4B-00C04F79EFBC}") = "Memento", "Memento\Memento.csproj", "{42ECE603-25F2-460E-B9D0-40B8CFFE77D0}"
EndProject
Project("{FAE04EC0-301F-11D3-BF4B-00C04F79EFBC}") = "Memento.RealWorld", "Memento.RealWorld\Memento.RealWorld.csproj", "{05498BFF-8FB1-470B-B1BF-D76E21C74848}"
EndProject
Project("{FAE04EC0-301F-11D3-BF4B-00C04F79EFBC}") = "Observer", "Observer\Observer.csproj", "{61B30DDD-9BB8-47CD-89B2-43735265B497}"
EndProject
Project("{FAE04EC0-301F-11D3-BF4B-00C04F79EFBC}") = "Observer.RealWorld", "Observer.RealWorld\Observer.RealWorld.csproj", "{1B7ECAAD-12B9-4520-8F98-08183ED27C56}"
EndProject
Project("{FAE04EC0-301F-11D3-BF4B-00C04F79EFBC}") = "State", "State\State.csproj", "{8C5CB6CC-2870-4395-B9FB-53766D3F472B}"
EndProject
Project("{FAE04EC0-301F-11D3-BF4B-00C04F79EFBC}") = "State.RealWorld", "State.RealWorld\State.RealWorld.csproj", "{8A1ECDA9-F544-487B-ABCF-1C35DE38969B}"
EndProject
Project("{FAE04EC0-301F-11D3-BF4B-00C04F79EFBC}") = "Strategy", "Strategy\Strategy.csproj", "{AC0B252E-720A-4236-BCAD-85C545386E18}"
EndProject
Project("{FAE04EC0-301F-11D3-BF4B-00C04F79EFBC}") = "Strategy.RealWorld", "Strategy.RealWorld\Strategy.RealWorld.csproj", "{9968EC9F-03A2-401C-8855-3E0AED960D80}"
EndProject
Project("{FAE04EC0-301F-11D3-BF4B-00C04F79EFBC}") = "Template Method", "Template Method\Template Method.csproj", "{4D58BC4E-529B-4C36-9F6B-431D8ACBDD3E}"
EndProject
Project("{FAE04EC0-301F-11D3-BF4B-00C04F79EFBC}") = "Template.RealWorld", "Template.RealWorld\Template.RealWorld.csproj", "{D113AE04-2AD5-4AF5-A797-2C9EF33046ED}"
EndProject
Project("{FAE04EC0-301F-11D3-BF4B-00C04F79EFBC}") = "Visitor", "Visitor\Visitor.csproj", "{FBEDE923-D03C-484A-B619-499CB50D9B50}"
EndProject
Project("{FAE04EC0-301F-11D3-BF4B-00C04F79EFBC}") = "Visitor.RealWorld", "Visitor.RealWorld\Visitor.RealWorld.csproj", "{CBB50E86-7869-4A75-96EC-F951FF427BFE}"
EndProject
Global
	GlobalSection(SolutionConfigurationPlatforms) = preSolution
		Debug|Any CPU = Debug|Any CPU
		Release|Any CPU = Release|Any CPU
	EndGlobalSection
	GlobalSection(ProjectConfigurationPlatforms) = postSolution
		{A9FE79E1-9E51-4D08-912D-54BCE0F087B4}.Debug|Any CPU.ActiveCfg = Debug|Any CPU
		{A9FE79E1-9E51-4D08-912D-54BCE0F087B4}.Debug|Any CPU.Build.0 = Debug|Any CPU
		{A9FE79E1-9E51-4D08-912D-54BCE0F087B4}.Release|Any CPU.ActiveCfg = Release|Any CPU
		{A9FE79E1-9E51-4D08-912D-54BCE0F087B4}.Release|Any CPU.Build.0 = Release|Any CPU
		{1E0C30D5-25F2-4566-82ED-16CCF9BD58F8}.Debug|Any CPU.ActiveCfg = Debug|Any CPU
		{1E0C30D5-25F2-4566-82ED-16CCF9BD58F8}.Debug|Any CPU.Build.0 = Debug|Any CPU
		{1E0C30D5-25F2-4566-82ED-16CCF9BD58F8}.Release|Any CPU.ActiveCfg = Release|Any CPU
		{1E0C30D5-25F2-4566-82ED-16CCF9BD58F8}.Release|Any CPU.Build.0 = Release|Any CPU
		{3DCD5086-C4CF-4DBA-B90A-8BC50BDF2201}.Debug|Any CPU.ActiveCfg = Debug|Any CPU
		{3DCD5086-C4CF-4DBA-B90A-8BC50BDF2201}.Debug|Any CPU.Build.0 = Debug|Any CPU
		{3DCD5086-C4CF-4DBA-B90A-8BC50BDF2201}.Release|Any CPU.ActiveCfg = Release|Any CPU
		{3DCD5086-C4CF-4DBA-B90A-8BC50BDF2201}.Release|Any CPU.Build.0 = Release|Any CPU
		{E22A71C7-B9C2-4FD5-8A5F-3236ECD11494}.Debug|Any CPU.ActiveCfg = Debug|Any CPU
		{E22A71C7-B9C2-4FD5-8A5F-3236ECD11494}.Debug|Any CPU.Build.0 = Debug|Any CPU
		{E22A71C7-B9C2-4FD5-8A5F-3236ECD11494}.Release|Any CPU.ActiveCfg = Release|Any CPU
		{E22A71C7-B9C2-4FD5-8A5F-3236ECD11494}.Release|Any CPU.Build.0 = Release|Any CPU
		{94B12F5C-72FD-488B-B7AE-A129E9039215}.Debug|Any CPU.ActiveCfg = Debug|Any CPU
		{94B12F5C-72FD-488B-B7AE-A129E9039215}.Debug|Any CPU.Build.0 = Debug|Any CPU
		{94B12F5C-72FD-488B-B7AE-A129E9039215}.Release|Any CPU.ActiveCfg = Release|Any CPU
		{94B12F5C-72FD-488B-B7AE-A129E9039215}.Release|Any CPU.Build.0 = Release|Any CPU
		{6B3A5BBA-4EBC-4551-9362-CB49BA065C46}.Debug|Any CPU.ActiveCfg = Debug|Any CPU
		{6B3A5BBA-4EBC-4551-9362-CB49BA065C46}.Debug|Any CPU.Build.0 = Debug|Any CPU
		{6B3A5BBA-4EBC-4551-9362-CB49BA065C46}.Release|Any CPU.ActiveCfg = Release|Any CPU
		{6B3A5BBA-4EBC-4551-9362-CB49BA065C46}.Release|Any CPU.Build.0 = Release|Any CPU
		{697E1BD8-89B8-49EE-9E0A-BC72076D5B9A}.Debug|Any CPU.ActiveCfg = Debug|Any CPU
		{697E1BD8-89B8-49EE-9E0A-BC72076D5B9A}.Debug|Any CPU.Build.0 = Debug|Any CPU
		{697E1BD8-89B8-49EE-9E0A-BC72076D5B9A}.Release|Any CPU.ActiveCfg = Release|Any CPU
		{697E1BD8-89B8-49EE-9E0A-BC72076D5B9A}.Release|Any CPU.Build.0 = Release|Any CPU
		{2FA77B6A-F88F-4CE4-8422-3B1085BF3FD5}.Debug|Any CPU.ActiveCfg = Debug|Any CPU
		{2FA77B6A-F88F-4CE4-8422-3B1085BF3FD5}.Debug|Any CPU.Build.0 = Debug|Any CPU
		{2FA77B6A-F88F-4CE4-8422-3B1085BF3FD5}.Release|Any CPU.ActiveCfg = Release|Any CPU
		{2FA77B6A-F88F-4CE4-8422-3B1085BF3FD5}.Release|Any CPU.Build.0 = Release|Any CPU
		{DBB726B0-4FB8-4068-83B4-3359E70987E5}.Debug|Any CPU.ActiveCfg = Debug|Any CPU
		{DBB726B0-4FB8-4068-83B4-3359E70987E5}.Debug|Any CPU.Build.0 = Debug|Any CPU
		{DBB726B0-4FB8-4068-83B4-3359E70987E5}.Release|Any CPU.ActiveCfg = Release|Any CPU
		{DBB726B0-4FB8-4068-83B4-3359E70987E5}.Release|Any CPU.Build.0 = Release|Any CPU
		{D64C90B7-1303-4158-A025-43576EE631A8}.Debug|Any CPU.ActiveCfg = Debug|Any CPU
		{D64C90B7-1303-4158-A025-43576EE631A8}.Debug|Any CPU.Build.0 = Debug|Any CPU
		{D64C90B7-1303-4158-A025-43576EE631A8}.Release|Any CPU.ActiveCfg = Release|Any CPU
		{D64C90B7-1303-4158-A025-43576EE631A8}.Release|Any CPU.Build.0 = Release|Any CPU
		{566B9C2D-EE95-4820-A656-7B281FA425D8}.Debug|Any CPU.ActiveCfg = Debug|Any CPU
		{566B9C2D-EE95-4820-A656-7B281FA425D8}.Debug|Any CPU.Build.0 = Debug|Any CPU
		{566B9C2D-EE95-4820-A656-7B281FA425D8}.Release|Any CPU.ActiveCfg = Release|Any CPU
		{566B9C2D-EE95-4820-A656-7B281FA425D8}.Release|Any CPU.Build.0 = Release|Any CPU
		{04FE3261-5EE5-4CA0-B783-D22DF7C3BF70}.Debug|Any CPU.ActiveCfg = Debug|Any CPU
		{04FE3261-5EE5-4CA0-B783-D22DF7C3BF70}.Debug|Any CPU.Build.0 = Debug|Any CPU
		{04FE3261-5EE5-4CA0-B783-D22DF7C3BF70}.Release|Any CPU.ActiveCfg = Release|Any CPU
		{04FE3261-5EE5-4CA0-B783-D22DF7C3BF70}.Release|Any CPU.Build.0 = Release|Any CPU
		{BC2DD643-33E8-401E-BB86-D7502917275B}.Debug|Any CPU.ActiveCfg = Debug|Any CPU
		{BC2DD643-33E8-401E-BB86-D7502917275B}.Debug|Any CPU.Build.0 = Debug|Any CPU
		{BC2DD643-33E8-401E-BB86-D7502917275B}.Release|Any CPU.ActiveCfg = Release|Any CPU
		{BC2DD643-33E8-401E-BB86-D7502917275B}.Release|Any CPU.Build.0 = Release|Any CPU
		{C3333AF7-9EF4-4BDB-9C8C-B02626A0D3A7}.Debug|Any CPU.ActiveCfg = Debug|Any CPU
		{C3333AF7-9EF4-4BDB-9C8C-B02626A0D3A7}.Debug|Any CPU.Build.0 = Debug|Any CPU
		{C3333AF7-9EF4-4BDB-9C8C-B02626A0D3A7}.Release|Any CPU.ActiveCfg = Release|Any CPU
		{C3333AF7-9EF4-4BDB-9C8C-B02626A0D3A7}.Release|Any CPU.Build.0 = Release|Any CPU
		{0CA1D4BE-4861-4696-9EC3-E8DC10AADFF8}.Debug|Any CPU.ActiveCfg = Debug|Any CPU
		{0CA1D4BE-4861-4696-9EC3-E8DC10AADFF8}.Debug|Any CPU.Build.0 = Debug|Any CPU
		{0CA1D4BE-4861-4696-9EC3-E8DC10AADFF8}.Release|Any CPU.ActiveCfg = Release|Any CPU
		{0CA1D4BE-4861-4696-9EC3-E8DC10AADFF8}.Release|Any CPU.Build.0 = Release|Any CPU
		{031EA913-FDBF-4008-B3FE-2F904F496AE4}.Debug|Any CPU.ActiveCfg = Debug|Any CPU
		{031EA913-FDBF-4008-B3FE-2F904F496AE4}.Debug|Any CPU.Build.0 = Debug|Any CPU
		{031EA913-FDBF-4008-B3FE-2F904F496AE4}.Release|Any CPU.ActiveCfg = Release|Any CPU
		{031EA913-FDBF-4008-B3FE-2F904F496AE4}.Release|Any CPU.Build.0 = Release|Any CPU
		{669FD430-A10B-47E9-A5C6-D58003BE042D}.Debug|Any CPU.ActiveCfg = Debug|Any CPU
		{669FD430-A10B-47E9-A5C6-D58003BE042D}.Debug|Any CPU.Build.0 = Debug|Any CPU
		{669FD430-A10B-47E9-A5C6-D58003BE042D}.Release|Any CPU.ActiveCfg = Release|Any CPU
		{669FD430-A10B-47E9-A5C6-D58003BE042D}.Release|Any CPU.Build.0 = Release|Any CPU
		{4C65DB99-C981-415D-89BA-EA8AF86F5AB3}.Debug|Any CPU.ActiveCfg = Debug|Any CPU
		{4C65DB99-C981-415D-89BA-EA8AF86F5AB3}.Debug|Any CPU.Build.0 = Debug|Any CPU
		{4C65DB99-C981-415D-89BA-EA8AF86F5AB3}.Release|Any CPU.ActiveCfg = Release|Any CPU
		{4C65DB99-C981-415D-89BA-EA8AF86F5AB3}.Release|Any CPU.Build.0 = Release|Any CPU
		{7F1831BC-2AA7-46EB-A90A-1E3266C1E368}.Debug|Any CPU.ActiveCfg = Debug|Any CPU
		{7F1831BC-2AA7-46EB-A90A-1E3266C1E368}.Debug|Any CPU.Build.0 = Debug|Any CPU
		{7F1831BC-2AA7-46EB-A90A-1E3266C1E368}.Release|Any CPU.ActiveCfg = Release|Any CPU
		{7F1831BC-2AA7-46EB-A90A-1E3266C1E368}.Release|Any CPU.Build.0 = Release|Any CPU
		{E088B5DA-F869-40A5-82FC-91415149D10B}.Debug|Any CPU.ActiveCfg = Debug|Any CPU
		{E088B5DA-F869-40A5-82FC-91415149D10B}.Debug|Any CPU.Build.0 = Debug|Any CPU
		{E088B5DA-F869-40A5-82FC-91415149D10B}.Release|Any CPU.ActiveCfg = Release|Any CPU
		{E088B5DA-F869-40A5-82FC-91415149D10B}.Release|Any CPU.Build.0 = Release|Any CPU
		{496EB999-5E1F-4F93-977D-3E94932788CE}.Debug|Any CPU.ActiveCfg = Debug|Any CPU
		{496EB999-5E1F-4F93-977D-3E94932788CE}.Debug|Any CPU.Build.0 = Debug|Any CPU
		{496EB999-5E1F-4F93-977D-3E94932788CE}.Release|Any CPU.ActiveCfg = Release|Any CPU
		{496EB999-5E1F-4F93-977D-3E94932788CE}.Release|Any CPU.Build.0 = Release|Any CPU
		{2F569C79-272F-41FD-97C6-2D9D26062C8A}.Debug|Any CPU.ActiveCfg = Debug|Any CPU
		{2F569C79-272F-41FD-97C6-2D9D26062C8A}.Debug|Any CPU.Build.0 = Debug|Any CPU
		{2F569C79-272F-41FD-97C6-2D9D26062C8A}.Release|Any CPU.ActiveCfg = Release|Any CPU
		{2F569C79-272F-41FD-97C6-2D9D26062C8A}.Release|Any CPU.Build.0 = Release|Any CPU
		{08E9544F-1CF3-4103-B8D0-803F4C7A21AD}.Debug|Any CPU.ActiveCfg = Debug|Any CPU
		{08E9544F-1CF3-4103-B8D0-803F4C7A21AD}.Debug|Any CPU.Build.0 = Debug|Any CPU
		{08E9544F-1CF3-4103-B8D0-803F4C7A21AD}.Release|Any CPU.ActiveCfg = Release|Any CPU
		{08E9544F-1CF3-4103-B8D0-803F4C7A21AD}.Release|Any CPU.Build.0 = Release|Any CPU
		{01661127-35D2-44C2-BD16-06EA928BCF33}.Debug|Any CPU.ActiveCfg = Debug|Any CPU
		{01661127-35D2-44C2-BD16-06EA928BCF33}.Debug|Any CPU.Build.0 = Debug|Any CPU
		{01661127-35D2-44C2-BD16-06EA928BCF33}.Release|Any CPU.ActiveCfg = Release|Any CPU
		{01661127-35D2-44C2-BD16-06EA928BCF33}.Release|Any CPU.Build.0 = Release|Any CPU
		{3F83724D-C301-4D46-93F0-9C2CF57818AC}.Debug|Any CPU.ActiveCfg = Debug|Any CPU
		{3F83724D-C301-4D46-93F0-9C2CF57818AC}.Debug|Any CPU.Build.0 = Debug|Any CPU
		{3F83724D-C301-4D46-93F0-9C2CF57818AC}.Release|Any CPU.ActiveCfg = Release|Any CPU
		{3F83724D-C301-4D46-93F0-9C2CF57818AC}.Release|Any CPU.Build.0 = Release|Any CPU
		{1EFAB53F-0E07-4F5B-B99E-3852A23277F0}.Debug|Any CPU.ActiveCfg = Debug|Any CPU
		{1EFAB53F-0E07-4F5B-B99E-3852A23277F0}.Debug|Any CPU.Build.0 = Debug|Any CPU
		{1EFAB53F-0E07-4F5B-B99E-3852A23277F0}.Release|Any CPU.ActiveCfg = Release|Any CPU
		{1EFAB53F-0E07-4F5B-B99E-3852A23277F0}.Release|Any CPU.Build.0 = Release|Any CPU
		{2B6949F0-9538-462E-9E98-04C0C96A0A3C}.Debug|Any CPU.ActiveCfg = Debug|Any CPU
		{2B6949F0-9538-462E-9E98-04C0C96A0A3C}.Debug|Any CPU.Build.0 = Debug|Any CPU
		{2B6949F0-9538-462E-9E98-04C0C96A0A3C}.Release|Any CPU.ActiveCfg = Release|Any CPU
		{2B6949F0-9538-462E-9E98-04C0C96A0A3C}.Release|Any CPU.Build.0 = Release|Any CPU
		{3404EB3E-2601-4783-8DB6-214F8943F87E}.Debug|Any CPU.ActiveCfg = Debug|Any CPU
		{3404EB3E-2601-4783-8DB6-214F8943F87E}.Debug|Any CPU.Build.0 = Debug|Any CPU
		{3404EB3E-2601-4783-8DB6-214F8943F87E}.Release|Any CPU.ActiveCfg = Release|Any CPU
		{3404EB3E-2601-4783-8DB6-214F8943F87E}.Release|Any CPU.Build.0 = Release|Any CPU
		{124C1AE2-85DE-4354-A61D-85C472F8318E}.Debug|Any CPU.ActiveCfg = Debug|Any CPU
		{124C1AE2-85DE-4354-A61D-85C472F8318E}.Debug|Any CPU.Build.0 = Debug|Any CPU
		{124C1AE2-85DE-4354-A61D-85C472F8318E}.Release|Any CPU.ActiveCfg = Release|Any CPU
		{124C1AE2-85DE-4354-A61D-85C472F8318E}.Release|Any CPU.Build.0 = Release|Any CPU
		{BC3B2469-5DFD-4480-98F4-CBA51B83930F}.Debug|Any CPU.ActiveCfg = Debug|Any CPU
		{BC3B2469-5DFD-4480-98F4-CBA51B83930F}.Debug|Any CPU.Build.0 = Debug|Any CPU
		{BC3B2469-5DFD-4480-98F4-CBA51B83930F}.Release|Any CPU.ActiveCfg = Release|Any CPU
		{BC3B2469-5DFD-4480-98F4-CBA51B83930F}.Release|Any CPU.Build.0 = Release|Any CPU
		{7FD48E68-C00D-4909-A02E-688A7973E74E}.Debug|Any CPU.ActiveCfg = Debug|Any CPU
		{7FD48E68-C00D-4909-A02E-688A7973E74E}.Debug|Any CPU.Build.0 = Debug|Any CPU
		{7FD48E68-C00D-4909-A02E-688A7973E74E}.Release|Any CPU.ActiveCfg = Release|Any CPU
		{7FD48E68-C00D-4909-A02E-688A7973E74E}.Release|Any CPU.Build.0 = Release|Any CPU
		{2950215A-2236-4C48-815E-F62803BCD5EE}.Debug|Any CPU.ActiveCfg = Debug|Any CPU
		{2950215A-2236-4C48-815E-F62803BCD5EE}.Debug|Any CPU.Build.0 = Debug|Any CPU
		{2950215A-2236-4C48-815E-F62803BCD5EE}.Release|Any CPU.ActiveCfg = Release|Any CPU
		{2950215A-2236-4C48-815E-F62803BCD5EE}.Release|Any CPU.Build.0 = Release|Any CPU
		{D6C7BB83-9658-4520-B9C4-E93D3C56B6DC}.Debug|Any CPU.ActiveCfg = Debug|Any CPU
		{D6C7BB83-9658-4520-B9C4-E93D3C56B6DC}.Debug|Any CPU.Build.0 = Debug|Any CPU
		{D6C7BB83-9658-4520-B9C4-E93D3C56B6DC}.Release|Any CPU.ActiveCfg = Release|Any CPU
		{D6C7BB83-9658-4520-B9C4-E93D3C56B6DC}.Release|Any CPU.Build.0 = Release|Any CPU
		{54DB95F5-FCD1-49A9-A13B-0772A4DA9A14}.Debug|Any CPU.ActiveCfg = Debug|Any CPU
		{54DB95F5-FCD1-49A9-A13B-0772A4DA9A14}.Debug|Any CPU.Build.0 = Debug|Any CPU
		{54DB95F5-FCD1-49A9-A13B-0772A4DA9A14}.Release|Any CPU.ActiveCfg = Release|Any CPU
		{54DB95F5-FCD1-49A9-A13B-0772A4DA9A14}.Release|Any CPU.Build.0 = Release|Any CPU
		{42ECE603-25F2-460E-B9D0-40B8CFFE77D0}.Debug|Any CPU.ActiveCfg = Debug|Any CPU
		{42ECE603-25F2-460E-B9D0-40B8CFFE77D0}.Debug|Any CPU.Build.0 = Debug|Any CPU
		{42ECE603-25F2-460E-B9D0-40B8CFFE77D0}.Release|Any CPU.ActiveCfg = Release|Any CPU
		{42ECE603-25F2-460E-B9D0-40B8CFFE77D0}.Release|Any CPU.Build.0 = Release|Any CPU
		{05498BFF-8FB1-470B-B1BF-D76E21C74848}.Debug|Any CPU.ActiveCfg = Debug|Any CPU
		{05498BFF-8FB1-470B-B1BF-D76E21C74848}.Debug|Any CPU.Build.0 = Debug|Any CPU
		{05498BFF-8FB1-470B-B1BF-D76E21C74848}.Release|Any CPU.ActiveCfg = Release|Any CPU
		{05498BFF-8FB1-470B-B1BF-D76E21C74848}.Release|Any CPU.Build.0 = Release|Any CPU
		{61B30DDD-9BB8-47CD-89B2-43735265B497}.Debug|Any CPU.ActiveCfg = Debug|Any CPU
		{61B30DDD-9BB8-47CD-89B2-43735265B497}.Debug|Any CPU.Build.0 = Debug|Any CPU
		{61B30DDD-9BB8-47CD-89B2-43735265B497}.Release|Any CPU.ActiveCfg = Release|Any CPU
		{61B30DDD-9BB8-47CD-89B2-43735265B497}.Release|Any CPU.Build.0 = Release|Any CPU
		{1B7ECAAD-12B9-4520-8F98-08183ED27C56}.Debug|Any CPU.ActiveCfg = Debug|Any CPU
		{1B7ECAAD-12B9-4520-8F98-08183ED27C56}.Debug|Any CPU.Build.0 = Debug|Any CPU
		{1B7ECAAD-12B9-4520-8F98-08183ED27C56}.Release|Any CPU.ActiveCfg = Release|Any CPU
		{1B7ECAAD-12B9-4520-8F98-08183ED27C56}.Release|Any CPU.Build.0 = Release|Any CPU
		{8C5CB6CC-2870-4395-B9FB-53766D3F472B}.Debug|Any CPU.ActiveCfg = Debug|Any CPU
		{8C5CB6CC-2870-4395-B9FB-53766D3F472B}.Debug|Any CPU.Build.0 = Debug|Any CPU
		{8C5CB6CC-2870-4395-B9FB-53766D3F472B}.Release|Any CPU.ActiveCfg = Release|Any CPU
		{8C5CB6CC-2870-4395-B9FB-53766D3F472B}.Release|Any CPU.Build.0 = Release|Any CPU
		{8A1ECDA9-F544-487B-ABCF-1C35DE38969B}.Debug|Any CPU.ActiveCfg = Debug|Any CPU
		{8A1ECDA9-F544-487B-ABCF-1C35DE38969B}.Debug|Any CPU.Build.0 = Debug|Any CPU
		{8A1ECDA9-F544-487B-ABCF-1C35DE38969B}.Release|Any CPU.ActiveCfg = Release|Any CPU
		{8A1ECDA9-F544-487B-ABCF-1C35DE38969B}.Release|Any CPU.Build.0 = Release|Any CPU
		{AC0B252E-720A-4236-BCAD-85C545386E18}.Debug|Any CPU.ActiveCfg = Debug|Any CPU
		{AC0B252E-720A-4236-BCAD-85C545386E18}.Debug|Any CPU.Build.0 = Debug|Any CPU
		{AC0B252E-720A-4236-BCAD-85C545386E18}.Release|Any CPU.ActiveCfg = Release|Any CPU
		{AC0B252E-720A-4236-BCAD-85C545386E18}.Release|Any CPU.Build.0 = Release|Any CPU
		{9968EC9F-03A2-401C-8855-3E0AED960D80}.Debug|Any CPU.ActiveCfg = Debug|Any CPU
		{9968EC9F-03A2-401C-8855-3E0AED960D80}.Debug|Any CPU.Build.0 = Debug|Any CPU
		{9968EC9F-03A2-401C-8855-3E0AED960D80}.Release|Any CPU.ActiveCfg = Release|Any CPU
		{9968EC9F-03A2-401C-8855-3E0AED960D80}.Release|Any CPU.Build.0 = Release|Any CPU
		{4D58BC4E-529B-4C36-9F6B-431D8ACBDD3E}.Debug|Any CPU.ActiveCfg = Debug|Any CPU
		{4D58BC4E-529B-4C36-9F6B-431D8ACBDD3E}.Debug|Any CPU.Build.0 = Debug|Any CPU
		{4D58BC4E-529B-4C36-9F6B-431D8ACBDD3E}.Release|Any CPU.ActiveCfg = Release|Any CPU
		{4D58BC4E-529B-4C36-9F6B-431D8ACBDD3E}.Release|Any CPU.Build.0 = Release|Any CPU
		{D113AE04-2AD5-4AF5-A797-2C9EF33046ED}.Debug|Any CPU.ActiveCfg = Debug|Any CPU
		{D113AE04-2AD5-4AF5-A797-2C9EF33046ED}.Debug|Any CPU.Build.0 = Debug|Any CPU
		{D113AE04-2AD5-4AF5-A797-2C9EF33046ED}.Release|Any CPU.ActiveCfg = Release|Any CPU
		{D113AE04-2AD5-4AF5-A797-2C9EF33046ED}.Release|Any CPU.Build.0 = Release|Any CPU
		{FBEDE923-D03C-484A-B619-499CB50D9B50}.Debug|Any CPU.ActiveCfg = Debug|Any CPU
		{FBEDE923-D03C-484A-B619-499CB50D9B50}.Debug|Any CPU.Build.0 = Debug|Any CPU
		{FBEDE923-D03C-484A-B619-499CB50D9B50}.Release|Any CPU.ActiveCfg = Release|Any CPU
		{FBEDE923-D03C-484A-B619-499CB50D9B50}.Release|Any CPU.Build.0 = Release|Any CPU
		{CBB50E86-7869-4A75-96EC-F951FF427BFE}.Debug|Any CPU.ActiveCfg = Debug|Any CPU
		{CBB50E86-7869-4A75-96EC-F951FF427BFE}.Debug|Any CPU.Build.0 = Debug|Any CPU
		{CBB50E86-7869-4A75-96EC-F951FF427BFE}.Release|Any CPU.ActiveCfg = Release|Any CPU
		{CBB50E86-7869-4A75-96EC-F951FF427BFE}.Release|Any CPU.Build.0 = Release|Any CPU
	EndGlobalSection
	GlobalSection(SolutionProperties) = preSolution
		HideSolutionNode = FALSE
	EndGlobalSection
EndGlobal
